
Microsoft Visual Studio Solution File, Format Version 11.00
# Visual Studio 2010
Project("{FAE04EC0-301F-11D3-BF4B-00C04F79EFBC}") = "BestHTTP", "BestHTTP.csproj", "{98ad3d82-4ec3-2245-238f-5ab972d3642f}"
EndProject
Project("{FAE04EC0-301F-11D3-BF4B-00C04F79EFBC}") = "Assembly-CSharp", "Assembly-CSharp.csproj", "{325dad89-cb3c-8a1f-dd76-a4fc4eb31015}"
EndProject
Global
	GlobalSection(SolutionConfigurationPlatforms) = preSolution
		Debug|Any CPU = Debug|Any CPU
		Release|Any CPU = Release|Any CPU
	EndGlobalSection
	GlobalSection(ProjectConfigurationPlatforms) = postSolution
		{98ad3d82-4ec3-2245-238f-5ab972d3642f}.Debug|Any CPU.ActiveCfg = Debug|Any CPU
		{98ad3d82-4ec3-2245-238f-5ab972d3642f}.Debug|Any CPU.Build.0 = Debug|Any CPU
		{98ad3d82-4ec3-2245-238f-5ab972d3642f}.Release|Any CPU.ActiveCfg = Release|Any CPU
		{98ad3d82-4ec3-2245-238f-5ab972d3642f}.Release|Any CPU.Build.0 = Release|Any CPU
		{325dad89-cb3c-8a1f-dd76-a4fc4eb31015}.Debug|Any CPU.ActiveCfg = Debug|Any CPU
		{325dad89-cb3c-8a1f-dd76-a4fc4eb31015}.Debug|Any CPU.Build.0 = Debug|Any CPU
		{325dad89-cb3c-8a1f-dd76-a4fc4eb31015}.Release|Any CPU.ActiveCfg = Release|Any CPU
		{325dad89-cb3c-8a1f-dd76-a4fc4eb31015}.Release|Any CPU.Build.0 = Release|Any CPU
	EndGlobalSection
	GlobalSection(SolutionProperties) = preSolution
		HideSolutionNode = FALSE
	EndGlobalSection
EndGlobal
